
Microsoft Visual Studio Solution File, Format Version 12.00
# Visual Studio Version 17
VisualStudioVersion = 17.8.34525.116
MinimumVisualStudioVersion = 10.0.40219.1
Project("{9A19103F-16F7-4668-BE54-9A1E7A4F7556}") = "IMC", "IMC.csproj", "{AB277046-EE6A-41B8-9194-0BF1860EC2CC}"
EndProject
Global
	GlobalSection(SolutionConfigurationPlatforms) = preSolution
		Debug|Any CPU = Debug|Any CPU
		Release|Any CPU = Release|Any CPU
	EndGlobalSection
	GlobalSection(ProjectConfigurationPlatforms) = postSolution
		{AB277046-EE6A-41B8-9194-0BF1860EC2CC}.Debug|Any CPU.ActiveCfg = Debug|Any CPU
		{AB277046-EE6A-41B8-9194-0BF1860EC2CC}.Debug|Any CPU.Build.0 = Debug|Any CPU
		{AB277046-EE6A-41B8-9194-0BF1860EC2CC}.Release|Any CPU.ActiveCfg = Release|Any CPU
		{AB277046-EE6A-41B8-9194-0BF1860EC2CC}.Release|Any CPU.Build.0 = Release|Any CPU
	EndGlobalSection
	GlobalSection(SolutionProperties) = preSolution
		HideSolutionNode = FALSE
	EndGlobalSection
	GlobalSection(ExtensibilityGlobals) = postSolution
		SolutionGuid = {6A9CAFF5-6CB7-42FB-ADE9-53B247FE451B}
	EndGlobalSection
EndGlobal
